
Microsoft Visual Studio Solution File, Format Version 12.00
# Visual Studio Version 17
VisualStudioVersion = 17.0.31919.166
MinimumVisualStudioVersion = 10.0.40219.1
Project("{8BC9CEB8-8B4A-11D0-8D11-00A0C91BC942}") = "GH Injector GUI", "GH Injector GUI\GH Injector GUI.vcxproj", "{6D2B70ED-A9AA-4587-9ABF-305DDAB2B233}"
EndProject
Project("{8BC9CEB8-8B4A-11D0-8D11-00A0C91BC942}") = "GH Injector", "GH Injector\GH Injector.vcxproj", "{204EDBBB-EA55-46EF-B9B1-96985AD09028}"
EndProject
Project("{FAE04EC0-301F-11D3-BF4B-00C04F79EFBC}") = "GH .NET Parser", "GH .NET Parser\GH .NET Parser.csproj", "{83BAF54D-7322-4381-A5A4-569BE83024D4}"
EndProject
Global
	GlobalSection(SolutionConfigurationPlatforms) = preSolution
		Debug|Any CPU = Debug|Any CPU
		Debug|x64 = Debug|x64
		Debug|x86 = Debug|x86
		Release|Any CPU = Release|Any CPU
		Release|x64 = Release|x64
		Release|x86 = Release|x86
		Static|Any CPU = Static|Any CPU
		Static|x64 = Static|x64
		Static|x86 = Static|x86
	EndGlobalSection
	GlobalSection(ProjectConfigurationPlatforms) = postSolution
		{6D2B70ED-A9AA-4587-9ABF-305DDAB2B233}.Debug|Any CPU.ActiveCfg = Debug|x64
		{6D2B70ED-A9AA-4587-9ABF-305DDAB2B233}.Debug|Any CPU.Build.0 = Debug|x64
		{6D2B70ED-A9AA-4587-9ABF-305DDAB2B233}.Debug|x64.ActiveCfg = Debug|x64
		{6D2B70ED-A9AA-4587-9ABF-305DDAB2B233}.Debug|x64.Build.0 = Debug|x64
		{6D2B70ED-A9AA-4587-9ABF-305DDAB2B233}.Debug|x86.ActiveCfg = Debug|Win32
		{6D2B70ED-A9AA-4587-9ABF-305DDAB2B233}.Debug|x86.Build.0 = Debug|Win32
		{6D2B70ED-A9AA-4587-9ABF-305DDAB2B233}.Release|Any CPU.ActiveCfg = Release|x64
		{6D2B70ED-A9AA-4587-9ABF-305DDAB2B233}.Release|Any CPU.Build.0 = Release|x64
		{6D2B70ED-A9AA-4587-9ABF-305DDAB2B233}.Release|x64.ActiveCfg = Release|x64
		{6D2B70ED-A9AA-4587-9ABF-305DDAB2B233}.Release|x86.ActiveCfg = Release|Win32
		{6D2B70ED-A9AA-4587-9ABF-305DDAB2B233}.Release|x86.Build.0 = Release|Win32
		{6D2B70ED-A9AA-4587-9ABF-305DDAB2B233}.Static|Any CPU.ActiveCfg = Static|x64
		{6D2B70ED-A9AA-4587-9ABF-305DDAB2B233}.Static|Any CPU.Build.0 = Static|x64
		{6D2B70ED-A9AA-4587-9ABF-305DDAB2B233}.Static|x64.ActiveCfg = Static|x64
		{6D2B70ED-A9AA-4587-9ABF-305DDAB2B233}.Static|x64.Build.0 = Static|x64
		{6D2B70ED-A9AA-4587-9ABF-305DDAB2B233}.Static|x86.ActiveCfg = Static|Win32
		{6D2B70ED-A9AA-4587-9ABF-305DDAB2B233}.Static|x86.Build.0 = Static|Win32
		{204EDBBB-EA55-46EF-B9B1-96985AD09028}.Debug|Any CPU.ActiveCfg = Release|Win32
		{204EDBBB-EA55-46EF-B9B1-96985AD09028}.Debug|Any CPU.Build.0 = Release|Win32
		{204EDBBB-EA55-46EF-B9B1-96985AD09028}.Debug|x64.ActiveCfg = Release|Win32
		{204EDBBB-EA55-46EF-B9B1-96985AD09028}.Debug|x64.Build.0 = Release|Win32
		{204EDBBB-EA55-46EF-B9B1-96985AD09028}.Debug|x86.ActiveCfg = Release|Win32
		{204EDBBB-EA55-46EF-B9B1-96985AD09028}.Debug|x86.Build.0 = Release|Win32
		{204EDBBB-EA55-46EF-B9B1-96985AD09028}.Release|Any CPU.ActiveCfg = Release|Win32
		{204EDBBB-EA55-46EF-B9B1-96985AD09028}.Release|Any CPU.Build.0 = Release|Win32
		{204EDBBB-EA55-46EF-B9B1-96985AD09028}.Release|x64.ActiveCfg = Release|Win32
		{204EDBBB-EA55-46EF-B9B1-96985AD09028}.Release|x86.ActiveCfg = Release|Win32
		{204EDBBB-EA55-46EF-B9B1-96985AD09028}.Release|x86.Build.0 = Release|Win32
		{204EDBBB-EA55-46EF-B9B1-96985AD09028}.Static|Any CPU.ActiveCfg = Release|Win32
		{204EDBBB-EA55-46EF-B9B1-96985AD09028}.Static|Any CPU.Build.0 = Release|Win32
		{204EDBBB-EA55-46EF-B9B1-96985AD09028}.Static|x64.ActiveCfg = Release|Win32
		{204EDBBB-EA55-46EF-B9B1-96985AD09028}.Static|x86.ActiveCfg = Release|Win32
		{204EDBBB-EA55-46EF-B9B1-96985AD09028}.Static|x86.Build.0 = Release|Win32
		{83BAF54D-7322-4381-A5A4-569BE83024D4}.Debug|Any CPU.ActiveCfg = Debug|Any CPU
		{83BAF54D-7322-4381-A5A4-569BE83024D4}.Debug|Any CPU.Build.0 = Debug|Any CPU
		{83BAF54D-7322-4381-A5A4-569BE83024D4}.Debug|x64.ActiveCfg = Debug|Any CPU
		{83BAF54D-7322-4381-A5A4-569BE83024D4}.Debug|x64.Build.0 = Debug|Any CPU
		{83BAF54D-7322-4381-A5A4-569BE83024D4}.Debug|x86.ActiveCfg = Debug|Any CPU
		{83BAF54D-7322-4381-A5A4-569BE83024D4}.Debug|x86.Build.0 = Debug|Any CPU
		{83BAF54D-7322-4381-A5A4-569BE83024D4}.Release|Any CPU.ActiveCfg = Release|Any CPU
		{83BAF54D-7322-4381-A5A4-569BE83024D4}.Release|Any CPU.Build.0 = Release|Any CPU
		{83BAF54D-7322-4381-A5A4-569BE83024D4}.Release|x64.ActiveCfg = Release|Any CPU
		{83BAF54D-7322-4381-A5A4-569BE83024D4}.Release|x64.Build.0 = Release|Any CPU
		{83BAF54D-7322-4381-A5A4-569BE83024D4}.Release|x86.ActiveCfg = Release|Any CPU
		{83BAF54D-7322-4381-A5A4-569BE83024D4}.Release|x86.Build.0 = Release|Any CPU
		{83BAF54D-7322-4381-A5A4-569BE83024D4}.Static|Any CPU.ActiveCfg = Debug|Any CPU
		{83BAF54D-7322-4381-A5A4-569BE83024D4}.Static|Any CPU.Build.0 = Debug|Any CPU
		{83BAF54D-7322-4381-A5A4-569BE83024D4}.Static|x64.ActiveCfg = Debug|Any CPU
		{83BAF54D-7322-4381-A5A4-569BE83024D4}.Static|x64.Build.0 = Debug|Any CPU
		{83BAF54D-7322-4381-A5A4-569BE83024D4}.Static|x86.ActiveCfg = Debug|Any CPU
		{83BAF54D-7322-4381-A5A4-569BE83024D4}.Static|x86.Build.0 = Debug|Any CPU
	EndGlobalSection
	GlobalSection(SolutionProperties) = preSolution
		HideSolutionNode = FALSE
	EndGlobalSection
	GlobalSection(ExtensibilityGlobals) = postSolution
		SolutionGuid = {808F1ED8-0D22-41C5-93F1-5FD309E2843D}
	EndGlobalSection
EndGlobal
