<?xml version="1.0" encoding="utf-8"?>
<Project ToolsVersion="4.0" xmlns="http://schemas.microsoft.com/developer/msbuild/2003">
  <ItemGroup>
    <ClCompile Include="CmdArg.cpp">
      <Filter>Quelldateien</Filter>
    </ClCompile>
    <ClCompile Include="DarkStyle.cpp">
      <Filter>Quelldateien</Filter>
    </ClCompile>
    <ClCompile Include="DownloadProgress.cpp">
      <Filter>Quelldateien</Filter>
    </ClCompile>
    <ClCompile Include="DragDropWindow.cpp">
      <Filter>Quelldateien</Filter>
    </ClCompile>
    <ClCompile Include="framelesswindow\framelesswindow.cpp">
      <Filter>Quelldateien</Filter>
    </ClCompile>
    <ClCompile Include="GuiMain.cpp">
      <Filter>Quelldateien</Filter>
    </ClCompile>
    <ClCompile Include="GuiProcess.cpp">
      <Filter>Quelldateien</Filter>
    </ClCompile>
    <ClCompile Include="GuiScanHook.cpp">
      <Filter>Quelldateien</Filter>
    </ClCompile>
    <ClCompile Include="InjectionLib.cpp">
      <Filter>Quelldateien</Filter>
    </ClCompile>
    <ClCompile Include="mainwindow.cpp">
      <Filter>Quelldateien</Filter>
    </ClCompile>
    <ClCompile Include="framelesswindow\windowdragger.cpp">
      <Filter>Quelldateien</Filter>
    </ClCompile>
    <ClCompile Include="Process.cpp">
      <Filter>Quelldateien</Filter>
    </ClCompile>
    <ClCompile Include="Zip.cpp">
      <Filter>Quelldateien</Filter>
    </ClCompile>
    <ClCompile Include="ShortCut.cpp">
      <Filter>Quelldateien</Filter>
    </ClCompile>
    <ClCompile Include="pch.cpp">
      <Filter>Quelldateien</Filter>
    </ClCompile>
    <ClCompile Include="DownloadProgressWindow.cpp">
      <Filter>Quelldateien</Filter>
    </ClCompile>
    <ClCompile Include="main.cpp">
      <Filter>Quelldateien</Filter>
    </ClCompile>
    <ClCompile Include="Update.cpp">
      <Filter>Quelldateien</Filter>
    </ClCompile>
    <ClCompile Include="PDB Download.cpp">
      <Filter>Quelldateien</Filter>
    </ClCompile>
    <ClCompile Include="StatusBox.cpp">
      <Filter>Quelldateien</Filter>
    </ClCompile>
  </ItemGroup>
  <ItemGroup>
    <ClInclude Include="DownloadProgress.h">
      <Filter>Headerdateien</Filter>
    </ClInclude>
    <ClInclude Include="DragDropWindow.h">
      <Filter>Headerdateien</Filter>
    </ClInclude>
    <ClInclude Include="Globals.h">
      <Filter>Headerdateien</Filter>
    </ClInclude>
    <ClInclude Include="Injection.h">
      <Filter>Headerdateien</Filter>
    </ClInclude>
    <ClInclude Include="Process.h">
      <Filter>Headerdateien</Filter>
    </ClInclude>
    <ClInclude Include="resource.h">
      <Filter>Headerdateien</Filter>
    </ClInclude>
    <ClInclude Include="ShortCut.h">
      <Filter>Headerdateien</Filter>
    </ClInclude>
    <ClInclude Include="Zip.h">
      <Filter>Headerdateien</Filter>
    </ClInclude>
    <ClInclude Include="pch.h">
      <Filter>Headerdateien</Filter>
    </ClInclude>
    <ClInclude Include="InjectionLib.h">
      <Filter>Headerdateien</Filter>
    </ClInclude>
    <ClInclude Include="CmdArg.h">
      <Filter>Headerdateien</Filter>
    </ClInclude>
    <ClInclude Include="Update.h">
      <Filter>Headerdateien</Filter>
    </ClInclude>
    <ClInclude Include="PDB Download.h">
      <Filter>Headerdateien</Filter>
    </ClInclude>
    <ClInclude Include="StatusBox.h">
      <Filter>Headerdateien</Filter>
    </ClInclude>
  </ItemGroup>
  <ItemGroup>
    <Image Include="gh_resource\GH Icon.ico">
      <Filter>Ressourcendateien</Filter>
    </Image>
    <Image Include="gh_resource\DragDrop Icon.ico">
      <Filter>Ressourcendateien</Filter>
    </Image>
    <Image Include="gh_resource\Log Icon.ico">
      <Filter>Ressourcendateien</Filter>
    </Image>
  </ItemGroup>
  <ItemGroup>
    <QtMoc Include="DarkStyle.h">
      <Filter>Headerdateien</Filter>
    </QtMoc>
    <QtMoc Include="framelesswindow\framelesswindow.h">
      <Filter>Headerdateien</Filter>
    </QtMoc>
    <QtMoc Include="GuiMain.h">
      <Filter>Headerdateien</Filter>
    </QtMoc>
    <QtMoc Include="GuiProcess.h">
      <Filter>Headerdateien</Filter>
    </QtMoc>
    <QtMoc Include="GuiScanHook.h">
      <Filter>Headerdateien</Filter>
    </QtMoc>
    <QtMoc Include="mainwindow.h">
      <Filter>Headerdateien</Filter>
    </QtMoc>
    <QtMoc Include="framelesswindow\windowdragger.h">
      <Filter>Headerdateien</Filter>
    </QtMoc>
    <QtMoc Include="DownloadProgressWindow.h">
      <Filter>Headerdateien</Filter>
    </QtMoc>
  </ItemGroup>
  <ItemGroup>
    <QtUic Include="framelesswindow\framelesswindow.ui">
      <Filter>UI</Filter>
    </QtUic>
    <QtUic Include="GuiMain.ui">
      <Filter>UI</Filter>
    </QtUic>
    <QtUic Include="GuiProcess.ui">
      <Filter>UI</Filter>
    </QtUic>
    <QtUic Include="mainwindow.ui">
      <Filter>UI</Filter>
    </QtUic>
    <QtUic Include="GuiScanHook.ui">
      <Filter>UI</Filter>
    </QtUic>
  </ItemGroup>
  <ItemGroup>
    <None Include="..\README.md" />
    <None Include="frameless_window_dark.pro">
      <Filter>UI</Filter>
    </None>
  </ItemGroup>
  <ItemGroup>
    <Filter Include="Headerdateien">
      <UniqueIdentifier>{8969f1a4-9aa1-441b-9328-f74016072f5d}</UniqueIdentifier>
    </Filter>
    <Filter Include="Quelldateien">
      <UniqueIdentifier>{d36dffad-ab1b-4f9a-bf68-8eb462e4a572}</UniqueIdentifier>
    </Filter>
    <Filter Include="Ressourcendateien">
      <UniqueIdentifier>{ae7bfe11-ca67-4819-8ac3-2c6d5df676d0}</UniqueIdentifier>
    </Filter>
    <Filter Include="UI">
      <UniqueIdentifier>{e3066775-22c2-4b7c-9267-3baa441d1851}</UniqueIdentifier>
    </Filter>
    <Filter Include="Source Files">
      <UniqueIdentifier>{4FC737F1-C7A5-4376-A066-2A32D752A2FF}</UniqueIdentifier>
      <Extensions>cpp;c;cc;cxx;def;odl;idl;hpj;bat;asm;asmx</Extensions>
      <ParseFiles>true</ParseFiles>
    </Filter>
  </ItemGroup>
  <ItemGroup>
    <ResourceCompile Include="GH Injector GUI.rc">
      <Filter>Ressourcendateien</Filter>
    </ResourceCompile>
  </ItemGroup>
  <ItemGroup>
    <QtRcc Include="mainwindow.qrc">
      <Filter>Ressourcendateien</Filter>
    </QtRcc>
  </ItemGroup>
  <ItemGroup>
    <Text Include="ToDo.txt" />
  </ItemGroup>
</Project>